
Microsoft Visual Studio Solution File, Format Version 12.00
# Visual Studio Version 16
VisualStudioVersion = 16.0.30503.244
MinimumVisualStudioVersion = 10.0.40219.1
Project("{FAE04EC0-301F-11D3-BF4B-00C04F79EFBC}") = "UniversalTemplates", "UniversalTemplates\UniversalTemplates.csproj", "{1E67D07B-1887-4492-885C-83B7779F432D}"
EndProject
Global
	GlobalSection(SolutionConfigurationPlatforms) = preSolution
		Debug|Any CPU = Debug|Any CPU
		Release|Any CPU = Release|Any CPU
	EndGlobalSection
	GlobalSection(ProjectConfigurationPlatforms) = postSolution
		{1E67D07B-1887-4492-885C-83B7779F432D}.Debug|Any CPU.ActiveCfg = Debug|Any CPU
		{1E67D07B-1887-4492-885C-83B7779F432D}.Debug|Any CPU.Build.0 = Debug|Any CPU
		{1E67D07B-1887-4492-885C-83B7779F432D}.Release|Any CPU.ActiveCfg = Release|Any CPU
		{1E67D07B-1887-4492-885C-83B7779F432D}.Release|Any CPU.Build.0 = Release|Any CPU
	EndGlobalSection
	GlobalSection(SolutionProperties) = preSolution
		HideSolutionNode = FALSE
	EndGlobalSection
	GlobalSection(ExtensibilityGlobals) = postSolution
		SolutionGuid = {D86DCAE3-6800-4F62-B133-976AC91C5FE5}
	EndGlobalSection
EndGlobal
